// !$*UTF8*$!
{
	archiveVersion = 1;
	classes = {
	};
	objectVersion = 50;
	objects = {

/* Begin PBXBuildFile section */
		163DEC4D225E44A8001D8747 /* AppDelegate.swift in Sources */ = {isa = PBXBuildFile; fileRef = 163DEC4C225E44A8001D8747 /* AppDelegate.swift */; };
		163DEC4F225E44A8001D8747 /* RootViewController.swift in Sources */ = {isa = PBXBuildFile; fileRef = 163DEC4E225E44A8001D8747 /* RootViewController.swift */; };
		163DEC51225E44A9001D8747 /* Assets.xcassets in Resources */ = {isa = PBXBuildFile; fileRef = 163DEC50225E44A9001D8747 /* Assets.xcassets */; };
		163DEC54225E44A9001D8747 /* Main.storyboard in Resources */ = {isa = PBXBuildFile; fileRef = 163DEC52225E44A9001D8747 /* Main.storyboard */; };
		163DEC5F225E45EF001D8747 /* WikipediaScraper.swift in Sources */ = {isa = PBXBuildFile; fileRef = 163DEC5E225E45EF001D8747 /* WikipediaScraper.swift */; };
		99B8C9745BD8656556936EF1 /* Pods_WikipediaFlightScraper.framework in Frameworks */ = {isa = PBXBuildFile; fileRef = 1CB985C7CD82858F5901DCC8 /* Pods_WikipediaFlightScraper.framework */; };
/* End PBXBuildFile section */

/* Begin PBXFileReference section */
		163DEC49225E44A8001D8747 /* WikipediaFlightScraper.app */ = {isa = PBXFileReference; explicitFileType = wrapper.application; includeInIndex = 0; path = WikipediaFlightScraper.app; sourceTree = BUILT_PRODUCTS_DIR; };
		163DEC4C225E44A8001D8747 /* AppDelegate.swift */ = {isa = PBXFileReference; lastKnownFileType = sourcecode.swift; path = AppDelegate.swift; sourceTree = "<group>"; };
		163DEC4E225E44A8001D8747 /* RootViewController.swift */ = {isa = PBXFileReference; lastKnownFileType = sourcecode.swift; path = RootViewController.swift; sourceTree = "<group>"; };
		163DEC50225E44A9001D8747 /* Assets.xcassets */ = {isa = PBXFileReference; lastKnownFileType = folder.assetcatalog; path = Assets.xcassets; sourceTree = "<group>"; };
		163DEC53225E44A9001D8747 /* Base */ = {isa = PBXFileReference; lastKnownFileType = file.storyboard; name = Base; path = Base.lproj/Main.storyboard; sourceTree = "<group>"; };
		163DEC55225E44A9001D8747 /* Info.plist */ = {isa = PBXFileReference; lastKnownFileType = text.plist.xml; path = Info.plist; sourceTree = "<group>"; };
		163DEC56225E44A9001D8747 /* WikipediaFlightScraper.entitlements */ = {isa = PBXFileReference; lastKnownFileType = text.plist.entitlements; path = WikipediaFlightScraper.entitlements; sourceTree = "<group>"; };
		163DEC5E225E45EF001D8747 /* WikipediaScraper.swift */ = {isa = PBXFileReference; lastKnownFileType = sourcecode.swift; path = WikipediaScraper.swift; sourceTree = "<group>"; };
		1CB985C7CD82858F5901DCC8 /* Pods_WikipediaFlightScraper.framework */ = {isa = PBXFileReference; explicitFileType = wrapper.framework; includeInIndex = 0; path = Pods_WikipediaFlightScraper.framework; sourceTree = BUILT_PRODUCTS_DIR; };
		D34F276F90F82C3BB6FCFA94 /* Pods-WikipediaFlightScraper.debug.xcconfig */ = {isa = PBXFileReference; includeInIndex = 1; lastKnownFileType = text.xcconfig; name = "Pods-WikipediaFlightScraper.debug.xcconfig"; path = "Target Support Files/Pods-WikipediaFlightScraper/Pods-WikipediaFlightScraper.debug.xcconfig"; sourceTree = "<group>"; };
		F6CCBE4A7C3D65BFFF097D8C /* Pods-WikipediaFlightScraper.release.xcconfig */ = {isa = PBXFileReference; includeInIndex = 1; lastKnownFileType = text.xcconfig; name = "Pods-WikipediaFlightScraper.release.xcconfig"; path = "Target Support Files/Pods-WikipediaFlightScraper/Pods-WikipediaFlightScraper.release.xcconfig"; sourceTree = "<group>"; };
/* End PBXFileReference section */

/* Begin PBXFrameworksBuildPhase section */
		163DEC46225E44A8001D8747 /* Frameworks */ = {
			isa = PBXFrameworksBuildPhase;
			buildActionMask = 2147483647;
			files = (
				99B8C9745BD8656556936EF1 /* Pods_WikipediaFlightScraper.framework in Frameworks */,
			);
			runOnlyForDeploymentPostprocessing = 0;
		};
/* End PBXFrameworksBuildPhase section */

/* Begin PBXGroup section */
		163DEC40225E44A7001D8747 = {
			isa = PBXGroup;
			children = (
				163DEC4B225E44A8001D8747 /* WikipediaFlightScraper */,
				163DEC4A225E44A8001D8747 /* Products */,
				DADB0F3BEEB0373A121401C8 /* Pods */,
				E37B1776017D2F76B72AE210 /* Frameworks */,
			);
			sourceTree = "<group>";
		};
		163DEC4A225E44A8001D8747 /* Products */ = {
			isa = PBXGroup;
			children = (
				163DEC49225E44A8001D8747 /* WikipediaFlightScraper.app */,
			);
			name = Products;
			sourceTree = "<group>";
		};
		163DEC4B225E44A8001D8747 /* WikipediaFlightScraper */ = {
			isa = PBXGroup;
			children = (
				163DEC4C225E44A8001D8747 /* AppDelegate.swift */,
				163DEC4E225E44A8001D8747 /* RootViewController.swift */,
				163DEC5E225E45EF001D8747 /* WikipediaScraper.swift */,
				163DEC50225E44A9001D8747 /* Assets.xcassets */,
				163DEC52225E44A9001D8747 /* Main.storyboard */,
				163DEC55225E44A9001D8747 /* Info.plist */,
				163DEC56225E44A9001D8747 /* WikipediaFlightScraper.entitlements */,
			);
			path = WikipediaFlightScraper;
			sourceTree = "<group>";
		};
		DADB0F3BEEB0373A121401C8 /* Pods */ = {
			isa = PBXGroup;
			children = (
				D34F276F90F82C3BB6FCFA94 /* Pods-WikipediaFlightScraper.debug.xcconfig */,
				F6CCBE4A7C3D65BFFF097D8C /* Pods-WikipediaFlightScraper.release.xcconfig */,
			);
			name = Pods;
			path = Pods;
			sourceTree = "<group>";
		};
		E37B1776017D2F76B72AE210 /* Frameworks */ = {
			isa = PBXGroup;
			children = (
				1CB985C7CD82858F5901DCC8 /* Pods_WikipediaFlightScraper.framework */,
			);
			name = Frameworks;
			sourceTree = "<group>";
		};
/* End PBXGroup section */

/* Begin PBXNativeTarget section */
		163DEC48225E44A8001D8747 /* WikipediaFlightScraper */ = {
			isa = PBXNativeTarget;
			buildConfigurationList = 163DEC59225E44A9001D8747 /* Build configuration list for PBXNativeTarget "WikipediaFlightScraper" */;
			buildPhases = (
				E4916E7F3F119F9FC12893EE /* [CP] Check Pods Manifest.lock */,
				163DEC45225E44A8001D8747 /* Sources */,
				163DEC46225E44A8001D8747 /* Frameworks */,
				163DEC47225E44A8001D8747 /* Resources */,
				239846073302136ED9D7EF50 /* [CP] Embed Pods Frameworks */,
			);
			buildRules = (
			);
			dependencies = (
			);
			name = WikipediaFlightScraper;
			productName = WikipediaFlightScraper;
			productReference = 163DEC49225E44A8001D8747 /* WikipediaFlightScraper.app */;
			productType = "com.apple.product-type.application";
		};
/* End PBXNativeTarget section */

/* Begin PBXProject section */
		163DEC41225E44A7001D8747 /* Project object */ = {
			isa = PBXProject;
			attributes = {
				LastSwiftUpdateCheck = 1010;
				LastUpgradeCheck = 1010;
				ORGANIZATIONNAME = "Jacob Hausmann";
				TargetAttributes = {
					163DEC48225E44A8001D8747 = {
						CreatedOnToolsVersion = 10.1;
						SystemCapabilities = {
							com.apple.Sandbox = {
								enabled = 1;
							};
						};
					};
				};
			};
			buildConfigurationList = 163DEC44225E44A7001D8747 /* Build configuration list for PBXProject "WikipediaFlightScraper" */;
			compatibilityVersion = "Xcode 9.3";
			developmentRegion = en;
			hasScannedForEncodings = 0;
			knownRegions = (
				en,
				Base,
			);
			mainGroup = 163DEC40225E44A7001D8747;
			productRefGroup = 163DEC4A225E44A8001D8747 /* Products */;
			projectDirPath = "";
			projectRoot = "";
			targets = (
				163DEC48225E44A8001D8747 /* WikipediaFlightScraper */,
			);
		};
/* End PBXProject section */

/* Begin PBXResourcesBuildPhase section */
		163DEC47225E44A8001D8747 /* Resources */ = {
			isa = PBXResourcesBuildPhase;
			buildActionMask = 2147483647;
			files = (
				163DEC51225E44A9001D8747 /* Assets.xcassets in Resources */,
				163DEC54225E44A9001D8747 /* Main.storyboard in Resources */,
			);
			runOnlyForDeploymentPostprocessing = 0;
		};
/* End PBXResourcesBuildPhase section */

/* Begin PBXShellScriptBuildPhase section */
		239846073302136ED9D7EF50 /* [CP] Embed Pods Frameworks */ = {
			isa = PBXShellScriptBuildPhase;
			buildActionMask = 2147483647;
			files = (
			);
			inputFileListPaths = (
			);
			inputPaths = (
				"${PODS_ROOT}/Target Support Files/Pods-WikipediaFlightScraper/Pods-WikipediaFlightScraper-frameworks.sh",
				"${BUILT_PRODUCTS_DIR}/SwiftSoup/SwiftSoup.framework",
			);
			name = "[CP] Embed Pods Frameworks";
			outputFileListPaths = (
			);
			outputPaths = (
				"${TARGET_BUILD_DIR}/${FRAMEWORKS_FOLDER_PATH}/SwiftSoup.framework",
			);
			runOnlyForDeploymentPostprocessing = 0;
			shellPath = /bin/sh;
			shellScript = "\"${PODS_ROOT}/Target Support Files/Pods-WikipediaFlightScraper/Pods-WikipediaFlightScraper-frameworks.sh\"\n";
			showEnvVarsInLog = 0;
		};
		E4916E7F3F119F9FC12893EE /* [CP] Check Pods Manifest.lock */ = {
			isa = PBXShellScriptBuildPhase;
			buildActionMask = 2147483647;
			files = (
			);
			inputFileListPaths = (
			);
			inputPaths = (
				"${PODS_PODFILE_DIR_PATH}/Podfile.lock",
				"${PODS_ROOT}/Manifest.lock",
			);
			name = "[CP] Check Pods Manifest.lock";
			outputFileListPaths = (
			);
			outputPaths = (
				"$(DERIVED_FILE_DIR)/Pods-WikipediaFlightScraper-checkManifestLockResult.txt",
			);
			runOnlyForDeploymentPostprocessing = 0;
			shellPath = /bin/sh;
			shellScript = "diff \"${PODS_PODFILE_DIR_PATH}/Podfile.lock\" \"${PODS_ROOT}/Manifest.lock\" > /dev/null\nif [ $? != 0 ] ; then\n    # print error to STDERR\n    echo \"error: The sandbox is not in sync with the Podfile.lock. Run 'pod install' or update your CocoaPods installation.\" >&2\n    exit 1\nfi\n# This output is used by Xcode 'outputs' to avoid re-running this script phase.\necho \"SUCCESS\" > \"${SCRIPT_OUTPUT_FILE_0}\"\n";
			showEnvVarsInLog = 0;
		};
/* End PBXShellScriptBuildPhase section */

/* Begin PBXSourcesBuildPhase section */
		163DEC45225E44A8001D8747 /* Sources */ = {
			isa = PBXSourcesBuildPhase;
			buildActionMask = 2147483647;
			files = (
				163DEC4F225E44A8001D8747 /* RootViewController.swift in Sources */,
				163DEC5F225E45EF001D8747 /* WikipediaScraper.swift in Sources */,
				163DEC4D225E44A8001D8747 /* AppDelegate.swift in Sources */,
			);
			runOnlyForDeploymentPostprocessing = 0;
		};
/* End PBXSourcesBuildPhase section */

/* Begin PBXVariantGroup section */
		163DEC52225E44A9001D8747 /* Main.storyboard */ = {
			isa = PBXVariantGroup;
			children = (
				163DEC53225E44A9001D8747 /* Base */,
			);
			name = Main.storyboard;
			sourceTree = "<group>";
		};
/* End PBXVariantGroup section */

/* Begin XCBuildConfiguration section */
		163DEC57225E44A9001D8747 /* Debug */ = {
			isa = XCBuildConfiguration;
			buildSettings = {
				ALWAYS_SEARCH_USER_PATHS = NO;
				CLANG_ANALYZER_NONNULL = YES;
				CLANG_ANALYZER_NUMBER_OBJECT_CONVERSION = YES_AGGRESSIVE;
				CLANG_CXX_LANGUAGE_STANDARD = "gnu++14";
				CLANG_CXX_LIBRARY = "libc++";
				CLANG_ENABLE_MODULES = YES;
				CLANG_ENABLE_OBJC_ARC = YES;
				CLANG_ENABLE_OBJC_WEAK = YES;
				CLANG_WARN_BLOCK_CAPTURE_AUTORELEASING = YES;
				CLANG_WARN_BOOL_CONVERSION = YES;
				CLANG_WARN_COMMA = YES;
				CLANG_WARN_CONSTANT_CONVERSION = YES;
				CLANG_WARN_DEPRECATED_OBJC_IMPLEMENTATIONS = YES;
				CLANG_WARN_DIRECT_OBJC_ISA_USAGE = YES_ERROR;
				CLANG_WARN_DOCUMENTATION_COMMENTS = YES;
				CLANG_WARN_EMPTY_BODY = YES;
				CLANG_WARN_ENUM_CONVERSION = YES;
				CLANG_WARN_INFINITE_RECURSION = YES;
				CLANG_WARN_INT_CONVERSION = YES;
				CLANG_WARN_NON_LITERAL_NULL_CONVERSION = YES;
				CLANG_WARN_OBJC_IMPLICIT_RETAIN_SELF = YES;
				CLANG_WARN_OBJC_LITERAL_CONVERSION = YES;
				CLANG_WARN_OBJC_ROOT_CLASS = YES_ERROR;
				CLANG_WARN_RANGE_LOOP_ANALYSIS = YES;
				CLANG_WARN_STRICT_PROTOTYPES = YES;
				CLANG_WARN_SUSPICIOUS_MOVE = YES;
				CLANG_WARN_UNGUARDED_AVAILABILITY = YES_AGGRESSIVE;
				CLANG_WARN_UNREACHABLE_CODE = YES;
				CLANG_WARN__DUPLICATE_METHOD_MATCH = YES;
				CODE_SIGN_IDENTITY = "Mac Developer";
				COPY_PHASE_STRIP = NO;
				DEBUG_INFORMATION_FORMAT = dwarf;
				ENABLE_STRICT_OBJC_MSGSEND = YES;
				ENABLE_TESTABILITY = YES;
				GCC_C_LANGUAGE_STANDARD = gnu11;
				GCC_DYNAMIC_NO_PIC = NO;
				GCC_NO_COMMON_BLOCKS = YES;
				GCC_OPTIMIZATION_LEVEL = 0;
				GCC_PREPROCESSOR_DEFINITIONS = (
					"DEBUG=1",
					"$(inherited)",
				);
				GCC_WARN_64_TO_32_BIT_CONVERSION = YES;
				GCC_WARN_ABOUT_RETURN_TYPE = YES_ERROR;
				GCC_WARN_UNDECLARED_SELECTOR = YES;
				GCC_WARN_UNINITIALIZED_AUTOS = YES_AGGRESSIVE;
				GCC_WARN_UNUSED_FUNCTION = YES;
				GCC_WARN_UNUSED_VARIABLE = YES;
				MACOSX_DEPLOYMENT_TARGET = 10.14;
				MTL_ENABLE_DEBUG_INFO = INCLUDE_SOURCE;
				MTL_FAST_MATH = YES;
				ONLY_ACTIVE_ARCH = YES;
				SDKROOT = macosx;
				SWIFT_ACTIVE_COMPILATION_CONDITIONS = DEBUG;
				SWIFT_OPTIMIZATION_LEVEL = "-Onone";
			};
			name = Debug;
		};
		163DEC58225E44A9001D8747 /* Release */ = {
			isa = XCBuildConfiguration;
			buildSettings = {
				ALWAYS_SEARCH_USER_PATHS = NO;
				CLANG_ANALYZER_NONNULL = YES;
				CLANG_ANALYZER_NUMBER_OBJECT_CONVERSION = YES_AGGRESSIVE;
				CLANG_CXX_LANGUAGE_STANDARD = "gnu++14";
				CLANG_CXX_LIBRARY = "libc++";
				CLANG_ENABLE_MODULES = YES;
				CLANG_ENABLE_OBJC_ARC = YES;
				CLANG_ENABLE_OBJC_WEAK = YES;
				CLANG_WARN_BLOCK_CAPTURE_AUTORELEASING = YES;
				CLANG_WARN_BOOL_CONVERSION = YES;
				CLANG_WARN_COMMA = YES;
				CLANG_WARN_CONSTANT_CONVERSION = YES;
				CLANG_WARN_DEPRECATED_OBJC_IMPLEMENTATIONS = YES;
				CLANG_WARN_DIRECT_OBJC_ISA_USAGE = YES_ERROR;
				CLANG_WARN_DOCUMENTATION_COMMENTS = YES;
				CLANG_WARN_EMPTY_BODY = YES;
				CLANG_WARN_ENUM_CONVERSION = YES;
				CLANG_WARN_INFINITE_RECURSION = YES;
				CLANG_WARN_INT_CONVERSION = YES;
				CLANG_WARN_NON_LITERAL_NULL_CONVERSION = YES;
				CLANG_WARN_OBJC_IMPLICIT_RETAIN_SELF = YES;
				CLANG_WARN_OBJC_LITERAL_CONVERSION = YES;
				CLANG_WARN_OBJC_ROOT_CLASS = YES_ERROR;
				CLANG_WARN_RANGE_LOOP_ANALYSIS = YES;
				CLANG_WARN_STRICT_PROTOTYPES = YES;
				CLANG_WARN_SUSPICIOUS_MOVE = YES;
				CLANG_WARN_UNGUARDED_AVAILABILITY = YES_AGGRESSIVE;
				CLANG_WARN_UNREACHABLE_CODE = YES;
				CLANG_WARN__DUPLICATE_METHOD_MATCH = YES;
				CODE_SIGN_IDENTITY = "Mac Developer";
				COPY_PHASE_STRIP = NO;
				DEBUG_INFORMATION_FORMAT = "dwarf-with-dsym";
				ENABLE_NS_ASSERTIONS = NO;
				ENABLE_STRICT_OBJC_MSGSEND = YES;
				GCC_C_LANGUAGE_STANDARD = gnu11;
				GCC_NO_COMMON_BLOCKS = YES;
				GCC_WARN_64_TO_32_BIT_CONVERSION = YES;
				GCC_WARN_ABOUT_RETURN_TYPE = YES_ERROR;
				GCC_WARN_UNDECLARED_SELECTOR = YES;
				GCC_WARN_UNINITIALIZED_AUTOS = YES_AGGRESSIVE;
				GCC_WARN_UNUSED_FUNCTION = YES;
				GCC_WARN_UNUSED_VARIABLE = YES;
				MACOSX_DEPLOYMENT_TARGET = 10.14;
				MTL_ENABLE_DEBUG_INFO = NO;
				MTL_FAST_MATH = YES;
				SDKROOT = macosx;
				SWIFT_COMPILATION_MODE = wholemodule;
				SWIFT_OPTIMIZATION_LEVEL = "-O";
			};
			name = Release;
		};
		163DEC5A225E44A9001D8747 /* Debug */ = {
			isa = XCBuildConfiguration;
			baseConfigurationReference = D34F276F90F82C3BB6FCFA94 /* Pods-WikipediaFlightScraper.debug.xcconfig */;
			buildSettings = {
				ASSETCATALOG_COMPILER_APPICON_NAME = AppIcon;
				CODE_SIGN_ENTITLEMENTS = WikipediaFlightScraper/WikipediaFlightScraper.entitlements;
				CODE_SIGN_STYLE = Automatic;
				COMBINE_HIDPI_IMAGES = YES;
				DEVELOPMENT_TEAM = XL7GDMK5QJ;
				INFOPLIST_FILE = WikipediaFlightScraper/Info.plist;
				LD_RUNPATH_SEARCH_PATHS = (
					"$(inherited)",
					"@executable_path/../Frameworks",
				);
				PRODUCT_BUNDLE_IDENTIFIER = edu.utexas.jh54765.WikipediaFlightScraper;
				PRODUCT_NAME = "$(TARGET_NAME)";
				SWIFT_VERSION = 4.2;
			};
			name = Debug;
		};
		163DEC5B225E44A9001D8747 /* Release */ = {
			isa = XCBuildConfiguration;
			baseConfigurationReference = F6CCBE4A7C3D65BFFF097D8C /* Pods-WikipediaFlightScraper.release.xcconfig */;
			buildSettings = {
				ASSETCATALOG_COMPILER_APPICON_NAME = AppIcon;
				CODE_SIGN_ENTITLEMENTS = WikipediaFlightScraper/WikipediaFlightScraper.entitlements;
				CODE_SIGN_STYLE = Automatic;
				COMBINE_HIDPI_IMAGES = YES;
				DEVELOPMENT_TEAM = XL7GDMK5QJ;
				INFOPLIST_FILE = WikipediaFlightScraper/Info.plist;
				LD_RUNPATH_SEARCH_PATHS = (
					"$(inherited)",
					"@executable_path/../Frameworks",
				);
				PRODUCT_BUNDLE_IDENTIFIER = edu.utexas.jh54765.WikipediaFlightScraper;
				PRODUCT_NAME = "$(TARGET_NAME)";
				SWIFT_VERSION = 4.2;
			};
			name = Release;
		};
/* End XCBuildConfiguration section */

/* Begin XCConfigurationList section */
		163DEC44225E44A7001D8747 /* Build configuration list for PBXProject "WikipediaFlightScraper" */ = {
			isa = XCConfigurationList;
			buildConfigurations = (
				163DEC57225E44A9001D8747 /* Debug */,
				163DEC58225E44A9001D8747 /* Release */,
			);
			defaultConfigurationIsVisible = 0;
			defaultConfigurationName = Release;
		};
		163DEC59225E44A9001D8747 /* Build configuration list for PBXNativeTarget "WikipediaFlightScraper" */ = {
			isa = XCConfigurationList;
			buildConfigurations = (
				163DEC5A225E44A9001D8747 /* Debug */,
				163DEC5B225E44A9001D8747 /* Release */,
			);
			defaultConfigurationIsVisible = 0;
			defaultConfigurationName = Release;
		};
/* End XCConfigurationList section */
	};
	rootObject = 163DEC41225E44A7001D8747 /* Project object */;
}
